{
  "name": "my_npm",
  "version": "1.0.0",
  "lockfileVersion": 2,
  "requires": true,
  "packages": {
    "": {
      "name": "my_npm",
      "version": "1.0.0",
      "license": "ISC",
      "dependencies": {
        "@serpensmaru/ajs": "^1.0.0"
      }
    },
    "node_modules/@serpensmaru/ajs": {
      "version": "1.0.0",
      "resolved": "https://npm.pkg.github.com/download/@serpensmaru/ajs/1.0.0/5f1de16b464de8f55bdb8d74b8cda293a9f47a94",
      "integrity": "sha512-pp7Zz+uYEeDbhU9X7/L8hAyZ/OBJh/Zz6isA4kFJsMtc2mHoiATJ2xArK8IS+L+TZvSob1u1LzVzSnfQsdkeew==",
      "license": "ISC"
    }
  },
  "dependencies": {
    "@serpensmaru/ajs": {
      "version": "1.0.0",
      "resolved": "https://npm.pkg.github.com/download/@serpensmaru/ajs/1.0.0/5f1de16b464de8f55bdb8d74b8cda293a9f47a94",
      "integrity": "sha512-pp7Zz+uYEeDbhU9X7/L8hAyZ/OBJh/Zz6isA4kFJsMtc2mHoiATJ2xArK8IS+L+TZvSob1u1LzVzSnfQsdkeew=="
    }
  }
}
